Microsoft Visual Studio Solution File, Format Version 12.00
# Visual Studio Version 17
VisualStudioVersion = 17.5.2.0
MinimumVisualStudioVersion = 10.0.40219.1
Project("{FAE04EC0-301F-11D3-BF4B-00C04F79EFBC}") = "SilverWolfLauncher", "SilverWolfLauncher.csproj", "{6154B474-863D-A23F-2754-B7A32CEA8281}"
EndProject
Global
	GlobalSection(SolutionConfigurationPlatforms) = preSolution
		Debug|Any CPU = Debug|Any CPU
		Release|Any CPU = Release|Any CPU
	EndGlobalSection
	GlobalSection(ProjectConfigurationPlatforms) = postSolution
		{6154B474-863D-A23F-2754-B7A32CEA8281}.Debug|Any CPU.ActiveCfg = Debug|Any CPU
		{6154B474-863D-A23F-2754-B7A32CEA8281}.Debug|Any CPU.Build.0 = Debug|Any CPU
		{6154B474-863D-A23F-2754-B7A32CEA8281}.Release|Any CPU.ActiveCfg = Release|Any CPU
		{6154B474-863D-A23F-2754-B7A32CEA8281}.Release|Any CPU.Build.0 = Release|Any CPU
	EndGlobalSection
	GlobalSection(SolutionProperties) = preSolution
		HideSolutionNode = FALSE
	EndGlobalSection
	GlobalSection(ExtensibilityGlobals) = postSolution
		SolutionGuid = {CA4D1FC3-3142-4DEF-A3AC-CF866EA4C319}
	EndGlobalSection
EndGlobal
